{
  "name": "chess project",
  "lockfileVersion": 3,
  "requires": true,
  "packages": {
    "": {
      "dependencies": {
        "chess.js": "^1.0.0-beta.8"
      }
    },
    "node_modules/chess.js": {
      "version": "1.0.0-beta.8",
      "resolved": "https://registry.npmjs.org/chess.js/-/chess.js-1.0.0-beta.8.tgz",
      "integrity": "sha512-UngzUMXmexcQaQA/UEJuJj5vatEy34awYMD5YMOp/FW3HM7lqspp7ymYs5JAmquDq0WROtURRfSffoa/vrCCyw=="
    }
  }
}
